
Microsoft Visual Studio Solution File, Format Version 12.00
# Visual Studio Version 18
VisualStudioVersion = 18.1.11312.151 d18.0
MinimumVisualStudioVersion = 10.0.40219.1
Project("{2150E333-8FDC-42A3-9474-1A3956D46DE8}") = "src", "src", "{827E0CD3-B72D-47B6-A68D-7590B98EB39B}"
EndProject
Project("{FAE04EC0-301F-11D3-BF4B-00C04F79EFBC}") = "IfcQa.Core", "src\IfcQa.Core\IfcQa.Core.csproj", "{F0C243DE-2863-471E-9708-947091E2FD1B}"
EndProject
Project("{FAE04EC0-301F-11D3-BF4B-00C04F79EFBC}") = "IfcQa.Cli", "src\IfcQa.Cli\IfcQa.Cli.csproj", "{74AA4942-26D6-4B14-8954-B3B04CDC4038}"
EndProject
Project("{2150E333-8FDC-42A3-9474-1A3956D46DE8}") = "Solution Items", "Solution Items", "{0C381E64-CF76-4794-8E62-C0833926AD26}"
	ProjectSection(SolutionItems) = preProject
		.editorconfig = .editorconfig
		global.json = global.json
	EndProjectSection
EndProject
Global
	GlobalSection(SolutionConfigurationPlatforms) = preSolution
		Debug|Any CPU = Debug|Any CPU
		Debug|x64 = Debug|x64
		Debug|x86 = Debug|x86
		Release|Any CPU = Release|Any CPU
		Release|x64 = Release|x64
		Release|x86 = Release|x86
	EndGlobalSection
	GlobalSection(ProjectConfigurationPlatforms) = postSolution
		{F0C243DE-2863-471E-9708-947091E2FD1B}.Debug|Any CPU.ActiveCfg = Debug|Any CPU
		{F0C243DE-2863-471E-9708-947091E2FD1B}.Debug|Any CPU.Build.0 = Debug|Any CPU
		{F0C243DE-2863-471E-9708-947091E2FD1B}.Debug|x64.ActiveCfg = Debug|Any CPU
		{F0C243DE-2863-471E-9708-947091E2FD1B}.Debug|x64.Build.0 = Debug|Any CPU
		{F0C243DE-2863-471E-9708-947091E2FD1B}.Debug|x86.ActiveCfg = Debug|Any CPU
		{F0C243DE-2863-471E-9708-947091E2FD1B}.Debug|x86.Build.0 = Debug|Any CPU
		{F0C243DE-2863-471E-9708-947091E2FD1B}.Release|Any CPU.ActiveCfg = Release|Any CPU
		{F0C243DE-2863-471E-9708-947091E2FD1B}.Release|Any CPU.Build.0 = Release|Any CPU
		{F0C243DE-2863-471E-9708-947091E2FD1B}.Release|x64.ActiveCfg = Release|Any CPU
		{F0C243DE-2863-471E-9708-947091E2FD1B}.Release|x64.Build.0 = Release|Any CPU
		{F0C243DE-2863-471E-9708-947091E2FD1B}.Release|x86.ActiveCfg = Release|Any CPU
		{F0C243DE-2863-471E-9708-947091E2FD1B}.Release|x86.Build.0 = Release|Any CPU
		{74AA4942-26D6-4B14-8954-B3B04CDC4038}.Debug|Any CPU.ActiveCfg = Debug|Any CPU
		{74AA4942-26D6-4B14-8954-B3B04CDC4038}.Debug|Any CPU.Build.0 = Debug|Any CPU
		{74AA4942-26D6-4B14-8954-B3B04CDC4038}.Debug|x64.ActiveCfg = Debug|Any CPU
		{74AA4942-26D6-4B14-8954-B3B04CDC4038}.Debug|x64.Build.0 = Debug|Any CPU
		{74AA4942-26D6-4B14-8954-B3B04CDC4038}.Debug|x86.ActiveCfg = Debug|Any CPU
		{74AA4942-26D6-4B14-8954-B3B04CDC4038}.Debug|x86.Build.0 = Debug|Any CPU
		{74AA4942-26D6-4B14-8954-B3B04CDC4038}.Release|Any CPU.ActiveCfg = Release|Any CPU
		{74AA4942-26D6-4B14-8954-B3B04CDC4038}.Release|Any CPU.Build.0 = Release|Any CPU
		{74AA4942-26D6-4B14-8954-B3B04CDC4038}.Release|x64.ActiveCfg = Release|Any CPU
		{74AA4942-26D6-4B14-8954-B3B04CDC4038}.Release|x64.Build.0 = Release|Any CPU
		{74AA4942-26D6-4B14-8954-B3B04CDC4038}.Release|x86.ActiveCfg = Release|Any CPU
		{74AA4942-26D6-4B14-8954-B3B04CDC4038}.Release|x86.Build.0 = Release|Any CPU
	EndGlobalSection
	GlobalSection(SolutionProperties) = preSolution
		HideSolutionNode = FALSE
	EndGlobalSection
	GlobalSection(NestedProjects) = preSolution
		{F0C243DE-2863-471E-9708-947091E2FD1B} = {827E0CD3-B72D-47B6-A68D-7590B98EB39B}
		{74AA4942-26D6-4B14-8954-B3B04CDC4038} = {827E0CD3-B72D-47B6-A68D-7590B98EB39B}
	EndGlobalSection
	GlobalSection(ExtensibilityGlobals) = postSolution
		SolutionGuid = {518E22AF-2396-4016-A82C-9A919126AD47}
	EndGlobalSection
EndGlobal
